
Microsoft Visual Studio Solution File, Format Version 12.00
Project("{FAE04EC0-301F-11D3-BF4B-00C04F79EFBC}") = "Core", "Core\Core.csproj", "{28E07C59-A68A-466F-8841-5FF0A398C80B}"
EndProject
Project("{FAE04EC0-301F-11D3-BF4B-00C04F79EFBC}") = "Core.Tests", "Core.Tests\Core.Tests.csproj", "{99BC6B91-3735-4CBB-83D0-ABB06AD34D85}"
EndProject
Project("{FAE04EC0-301F-11D3-BF4B-00C04F79EFBC}") = "Data", "Data\Data.csproj", "{795B9746-E631-415B-8D8F-B81918786F29}"
EndProject
Project("{FAE04EC0-301F-11D3-BF4B-00C04F79EFBC}") = "Data.Tests", "Data.Tests\Data.Tests.csproj", "{B56F7C92-7581-4CF4-8469-3AFCAC488518}"
EndProject
Project("{FAE04EC0-301F-11D3-BF4B-00C04F79EFBC}") = "Http", "Http\Http.csproj", "{65D4842E-24DE-4E96-9A42-329F34BED1E9}"
EndProject
Project("{FAE04EC0-301F-11D3-BF4B-00C04F79EFBC}") = "Http.Tests", "Http.Tests\Http.Tests.csproj", "{2D33B36D-3BBC-4C7E-B7F8-51F33262AC41}"
EndProject
Project("{2150E333-8FDC-42A3-9474-1A3956D46DE8}") = "Media", "Media", "{DADBB14E-11D3-4EF9-AC66-5860768EFE25}"
EndProject
Project("{2150E333-8FDC-42A3-9474-1A3956D46DE8}") = "Core", "Core", "{B55A0203-A73A-4A98-898C-D3B17F923F62}"
EndProject
Project("{FAE04EC0-301F-11D3-BF4B-00C04F79EFBC}") = "MediaServer.Plex", "MediaServer.Plex\MediaServer.Plex.csproj", "{14CB5E48-E288-4A26-A5F8-DB2ECA69B64C}"
EndProject
Project("{FAE04EC0-301F-11D3-BF4B-00C04F79EFBC}") = "MediaServer.Plex.Tests", "MediaServer.Plex.Tests\MediaServer.Plex.Tests.csproj", "{D654F246-A305-4C51-9DD6-8E2A5A6C2D81}"
EndProject
Project("{FAE04EC0-301F-11D3-BF4B-00C04F79EFBC}") = "MediaServer.Core", "MediaServer.Core\MediaServer.Core.csproj", "{FA530FC7-6AD7-4D95-9FFE-42B40118234B}"
EndProject
Project("{FAE04EC0-301F-11D3-BF4B-00C04F79EFBC}") = "MediaServer.Core.Tests", "MediaServer.Core.Tests\MediaServer.Core.Tests.csproj", "{71DD643C-BAB2-45AE-839E-B8D0F1C8A4FA}"
EndProject
Project("{FAE04EC0-301F-11D3-BF4B-00C04F79EFBC}") = "MediaServer.Plex.Tests.Integration", "MediaServer.Plex.Tests.Integration\MediaServer.Plex.Tests.Integration.csproj", "{ECC4935F-D97A-41F6-A753-9C2E07E18DDA}"
EndProject
Project("{FAE04EC0-301F-11D3-BF4B-00C04F79EFBC}") = "MediaServer.Core.Tests.Integration", "MediaServer.Core.Tests.Integration\MediaServer.Core.Tests.Integration.csproj", "{50EAE1DB-30DE-4E04-88B7-9E8AF82E7412}"
EndProject
Global
	GlobalSection(SolutionConfigurationPlatforms) = preSolution
		Debug|Any CPU = Debug|Any CPU
		Release|Any CPU = Release|Any CPU
	EndGlobalSection
	GlobalSection(ProjectConfigurationPlatforms) = postSolution
		{28E07C59-A68A-466F-8841-5FF0A398C80B}.Debug|Any CPU.ActiveCfg = Debug|Any CPU
		{28E07C59-A68A-466F-8841-5FF0A398C80B}.Debug|Any CPU.Build.0 = Debug|Any CPU
		{28E07C59-A68A-466F-8841-5FF0A398C80B}.Release|Any CPU.ActiveCfg = Release|Any CPU
		{28E07C59-A68A-466F-8841-5FF0A398C80B}.Release|Any CPU.Build.0 = Release|Any CPU
		{99BC6B91-3735-4CBB-83D0-ABB06AD34D85}.Debug|Any CPU.ActiveCfg = Debug|Any CPU
		{99BC6B91-3735-4CBB-83D0-ABB06AD34D85}.Debug|Any CPU.Build.0 = Debug|Any CPU
		{99BC6B91-3735-4CBB-83D0-ABB06AD34D85}.Release|Any CPU.ActiveCfg = Release|Any CPU
		{99BC6B91-3735-4CBB-83D0-ABB06AD34D85}.Release|Any CPU.Build.0 = Release|Any CPU
		{795B9746-E631-415B-8D8F-B81918786F29}.Debug|Any CPU.ActiveCfg = Debug|Any CPU
		{795B9746-E631-415B-8D8F-B81918786F29}.Debug|Any CPU.Build.0 = Debug|Any CPU
		{795B9746-E631-415B-8D8F-B81918786F29}.Release|Any CPU.ActiveCfg = Release|Any CPU
		{795B9746-E631-415B-8D8F-B81918786F29}.Release|Any CPU.Build.0 = Release|Any CPU
		{B56F7C92-7581-4CF4-8469-3AFCAC488518}.Debug|Any CPU.ActiveCfg = Debug|Any CPU
		{B56F7C92-7581-4CF4-8469-3AFCAC488518}.Debug|Any CPU.Build.0 = Debug|Any CPU
		{B56F7C92-7581-4CF4-8469-3AFCAC488518}.Release|Any CPU.ActiveCfg = Release|Any CPU
		{B56F7C92-7581-4CF4-8469-3AFCAC488518}.Release|Any CPU.Build.0 = Release|Any CPU
		{65D4842E-24DE-4E96-9A42-329F34BED1E9}.Debug|Any CPU.ActiveCfg = Debug|Any CPU
		{65D4842E-24DE-4E96-9A42-329F34BED1E9}.Debug|Any CPU.Build.0 = Debug|Any CPU
		{65D4842E-24DE-4E96-9A42-329F34BED1E9}.Release|Any CPU.ActiveCfg = Release|Any CPU
		{65D4842E-24DE-4E96-9A42-329F34BED1E9}.Release|Any CPU.Build.0 = Release|Any CPU
		{2D33B36D-3BBC-4C7E-B7F8-51F33262AC41}.Debug|Any CPU.ActiveCfg = Debug|Any CPU
		{2D33B36D-3BBC-4C7E-B7F8-51F33262AC41}.Debug|Any CPU.Build.0 = Debug|Any CPU
		{2D33B36D-3BBC-4C7E-B7F8-51F33262AC41}.Release|Any CPU.ActiveCfg = Release|Any CPU
		{2D33B36D-3BBC-4C7E-B7F8-51F33262AC41}.Release|Any CPU.Build.0 = Release|Any CPU
		{14CB5E48-E288-4A26-A5F8-DB2ECA69B64C}.Debug|Any CPU.ActiveCfg = Debug|Any CPU
		{14CB5E48-E288-4A26-A5F8-DB2ECA69B64C}.Debug|Any CPU.Build.0 = Debug|Any CPU
		{14CB5E48-E288-4A26-A5F8-DB2ECA69B64C}.Release|Any CPU.ActiveCfg = Release|Any CPU
		{14CB5E48-E288-4A26-A5F8-DB2ECA69B64C}.Release|Any CPU.Build.0 = Release|Any CPU
		{D654F246-A305-4C51-9DD6-8E2A5A6C2D81}.Debug|Any CPU.ActiveCfg = Debug|Any CPU
		{D654F246-A305-4C51-9DD6-8E2A5A6C2D81}.Debug|Any CPU.Build.0 = Debug|Any CPU
		{D654F246-A305-4C51-9DD6-8E2A5A6C2D81}.Release|Any CPU.ActiveCfg = Release|Any CPU
		{D654F246-A305-4C51-9DD6-8E2A5A6C2D81}.Release|Any CPU.Build.0 = Release|Any CPU
		{FA530FC7-6AD7-4D95-9FFE-42B40118234B}.Debug|Any CPU.ActiveCfg = Debug|Any CPU
		{FA530FC7-6AD7-4D95-9FFE-42B40118234B}.Debug|Any CPU.Build.0 = Debug|Any CPU
		{FA530FC7-6AD7-4D95-9FFE-42B40118234B}.Release|Any CPU.ActiveCfg = Release|Any CPU
		{FA530FC7-6AD7-4D95-9FFE-42B40118234B}.Release|Any CPU.Build.0 = Release|Any CPU
		{71DD643C-BAB2-45AE-839E-B8D0F1C8A4FA}.Debug|Any CPU.ActiveCfg = Debug|Any CPU
		{71DD643C-BAB2-45AE-839E-B8D0F1C8A4FA}.Debug|Any CPU.Build.0 = Debug|Any CPU
		{71DD643C-BAB2-45AE-839E-B8D0F1C8A4FA}.Release|Any CPU.ActiveCfg = Release|Any CPU
		{71DD643C-BAB2-45AE-839E-B8D0F1C8A4FA}.Release|Any CPU.Build.0 = Release|Any CPU
		{ECC4935F-D97A-41F6-A753-9C2E07E18DDA}.Debug|Any CPU.ActiveCfg = Debug|Any CPU
		{ECC4935F-D97A-41F6-A753-9C2E07E18DDA}.Debug|Any CPU.Build.0 = Debug|Any CPU
		{ECC4935F-D97A-41F6-A753-9C2E07E18DDA}.Release|Any CPU.ActiveCfg = Release|Any CPU
		{ECC4935F-D97A-41F6-A753-9C2E07E18DDA}.Release|Any CPU.Build.0 = Release|Any CPU
		{50EAE1DB-30DE-4E04-88B7-9E8AF82E7412}.Debug|Any CPU.ActiveCfg = Debug|Any CPU
		{50EAE1DB-30DE-4E04-88B7-9E8AF82E7412}.Debug|Any CPU.Build.0 = Debug|Any CPU
		{50EAE1DB-30DE-4E04-88B7-9E8AF82E7412}.Release|Any CPU.ActiveCfg = Release|Any CPU
		{50EAE1DB-30DE-4E04-88B7-9E8AF82E7412}.Release|Any CPU.Build.0 = Release|Any CPU
	EndGlobalSection
	GlobalSection(NestedProjects) = preSolution
		{28E07C59-A68A-466F-8841-5FF0A398C80B} = {B55A0203-A73A-4A98-898C-D3B17F923F62}
		{99BC6B91-3735-4CBB-83D0-ABB06AD34D85} = {B55A0203-A73A-4A98-898C-D3B17F923F62}
		{795B9746-E631-415B-8D8F-B81918786F29} = {B55A0203-A73A-4A98-898C-D3B17F923F62}
		{B56F7C92-7581-4CF4-8469-3AFCAC488518} = {B55A0203-A73A-4A98-898C-D3B17F923F62}
		{65D4842E-24DE-4E96-9A42-329F34BED1E9} = {B55A0203-A73A-4A98-898C-D3B17F923F62}
		{2D33B36D-3BBC-4C7E-B7F8-51F33262AC41} = {B55A0203-A73A-4A98-898C-D3B17F923F62}
		{14CB5E48-E288-4A26-A5F8-DB2ECA69B64C} = {DADBB14E-11D3-4EF9-AC66-5860768EFE25}
		{D654F246-A305-4C51-9DD6-8E2A5A6C2D81} = {DADBB14E-11D3-4EF9-AC66-5860768EFE25}
		{FA530FC7-6AD7-4D95-9FFE-42B40118234B} = {DADBB14E-11D3-4EF9-AC66-5860768EFE25}
		{71DD643C-BAB2-45AE-839E-B8D0F1C8A4FA} = {DADBB14E-11D3-4EF9-AC66-5860768EFE25}
		{ECC4935F-D97A-41F6-A753-9C2E07E18DDA} = {DADBB14E-11D3-4EF9-AC66-5860768EFE25}
		{50EAE1DB-30DE-4E04-88B7-9E8AF82E7412} = {DADBB14E-11D3-4EF9-AC66-5860768EFE25}
	EndGlobalSection
EndGlobal
