
Microsoft Visual Studio Solution File, Format Version 12.00
# Visual Studio Version 16
VisualStudioVersion = 16.0.30309.148
MinimumVisualStudioVersion = 10.0.40219.1
Project("{9A19103F-16F7-4668-BE54-9A1E7A4F7556}") = "Core", "Core\Core.csproj", "{28E07C59-A68A-466F-8841-5FF0A398C80B}"
EndProject
Project("{9A19103F-16F7-4668-BE54-9A1E7A4F7556}") = "Core.Tests", "Core.Tests\Core.Tests.csproj", "{99BC6B91-3735-4CBB-83D0-ABB06AD34D85}"
EndProject
Project("{9A19103F-16F7-4668-BE54-9A1E7A4F7556}") = "Data", "Data\Data.csproj", "{795B9746-E631-415B-8D8F-B81918786F29}"
EndProject
Project("{9A19103F-16F7-4668-BE54-9A1E7A4F7556}") = "Data.Tests", "Data.Tests\Data.Tests.csproj", "{B56F7C92-7581-4CF4-8469-3AFCAC488518}"
EndProject
Project("{9A19103F-16F7-4668-BE54-9A1E7A4F7556}") = "Http", "Http\Http.csproj", "{65D4842E-24DE-4E96-9A42-329F34BED1E9}"
EndProject
Project("{9A19103F-16F7-4668-BE54-9A1E7A4F7556}") = "Http.Tests", "Http.Tests\Http.Tests.csproj", "{2D33B36D-3BBC-4C7E-B7F8-51F33262AC41}"
EndProject
Project("{2150E333-8FDC-42A3-9474-1A3956D46DE8}") = "Core", "Core", "{B55A0203-A73A-4A98-898C-D3B17F923F62}"
EndProject
Project("{2150E333-8FDC-42A3-9474-1A3956D46DE8}") = "Security", "Security", "{DA5EA334-AAA7-418C-A487-688786276BE3}"
EndProject
Project("{9A19103F-16F7-4668-BE54-9A1E7A4F7556}") = "Security.OAuth", "Security.OAuth\Security.OAuth.csproj", "{12EC07A8-3D5D-4E36-8EFE-F1551B1C4B00}"
EndProject
Project("{9A19103F-16F7-4668-BE54-9A1E7A4F7556}") = "Security.OAuth.Tests", "Security.OAuth.Tests\Security.OAuth.Tests.csproj", "{B1D360B4-8A86-4CA2-968D-B739720567BC}"
EndProject
Project("{9A19103F-16F7-4668-BE54-9A1E7A4F7556}") = "Communication", "Communication\Communication.csproj", "{F3CA1AD6-4355-421E-AD9D-6CBDE52DBA48}"
EndProject
Project("{9A19103F-16F7-4668-BE54-9A1E7A4F7556}") = "Communication.Tests", "Communication.Tests\Communication.Tests.csproj", "{6C7F10A5-4E0D-4935-A464-0F397CDB4C0C}"
EndProject
Project("{9A19103F-16F7-4668-BE54-9A1E7A4F7556}") = "Communication.Tests.Integration", "Communication.Tests.Integration\Communication.Tests.Integration.csproj", "{B42FAAFB-C220-41F5-A6D4-92DD6A82FCE0}"
EndProject
Project("{FAE04EC0-301F-11D3-BF4B-00C04F79EFBC}") = "Finance", "Finance\Finance.csproj", "{B416A044-CAB3-4F9A-99EB-0F9774D2D926}"
EndProject
Project("{FAE04EC0-301F-11D3-BF4B-00C04F79EFBC}") = "Finance.Tests", "Finance.Tests\Finance.Tests.csproj", "{5A1C01AF-9480-4525-B3E4-DB9C90629F80}"
EndProject
Project("{2150E333-8FDC-42A3-9474-1A3956D46DE8}") = "Intelligence", "Intelligence", "{E292F563-CF51-47B7-A81C-D0FE8FC4C02A}"
EndProject
Project("{FAE04EC0-301F-11D3-BF4B-00C04F79EFBC}") = "Semantic.Core", "Semantic.Core\Semantic.Core.csproj", "{D063671B-2B7E-4A03-ACB8-10A9D512B15F}"
EndProject
Project("{FAE04EC0-301F-11D3-BF4B-00C04F79EFBC}") = "Semantic.Core.Tests", "Semantic.Core.Tests\Semantic.Core.Tests.csproj", "{11FEC351-432F-4B92-BD60-1028B84BCF20}"
EndProject
Project("{FAE04EC0-301F-11D3-BF4B-00C04F79EFBC}") = "Semantic.Core.Examples", "Semantic.Core.Examples\Semantic.Core.Examples.csproj", "{7AD813CF-73D4-473A-B2BB-A9355E5A0CA7}"
EndProject
Global
	GlobalSection(SolutionConfigurationPlatforms) = preSolution
		Debug|Any CPU = Debug|Any CPU
		Release|Any CPU = Release|Any CPU
	EndGlobalSection
	GlobalSection(ProjectConfigurationPlatforms) = postSolution
		{28E07C59-A68A-466F-8841-5FF0A398C80B}.Debug|Any CPU.ActiveCfg = Debug|Any CPU
		{28E07C59-A68A-466F-8841-5FF0A398C80B}.Debug|Any CPU.Build.0 = Debug|Any CPU
		{28E07C59-A68A-466F-8841-5FF0A398C80B}.Release|Any CPU.ActiveCfg = Release|Any CPU
		{28E07C59-A68A-466F-8841-5FF0A398C80B}.Release|Any CPU.Build.0 = Release|Any CPU
		{99BC6B91-3735-4CBB-83D0-ABB06AD34D85}.Debug|Any CPU.ActiveCfg = Debug|Any CPU
		{99BC6B91-3735-4CBB-83D0-ABB06AD34D85}.Debug|Any CPU.Build.0 = Debug|Any CPU
		{99BC6B91-3735-4CBB-83D0-ABB06AD34D85}.Release|Any CPU.ActiveCfg = Release|Any CPU
		{99BC6B91-3735-4CBB-83D0-ABB06AD34D85}.Release|Any CPU.Build.0 = Release|Any CPU
		{795B9746-E631-415B-8D8F-B81918786F29}.Debug|Any CPU.ActiveCfg = Debug|Any CPU
		{795B9746-E631-415B-8D8F-B81918786F29}.Debug|Any CPU.Build.0 = Debug|Any CPU
		{795B9746-E631-415B-8D8F-B81918786F29}.Release|Any CPU.ActiveCfg = Release|Any CPU
		{795B9746-E631-415B-8D8F-B81918786F29}.Release|Any CPU.Build.0 = Release|Any CPU
		{B56F7C92-7581-4CF4-8469-3AFCAC488518}.Debug|Any CPU.ActiveCfg = Debug|Any CPU
		{B56F7C92-7581-4CF4-8469-3AFCAC488518}.Debug|Any CPU.Build.0 = Debug|Any CPU
		{B56F7C92-7581-4CF4-8469-3AFCAC488518}.Release|Any CPU.ActiveCfg = Release|Any CPU
		{B56F7C92-7581-4CF4-8469-3AFCAC488518}.Release|Any CPU.Build.0 = Release|Any CPU
		{65D4842E-24DE-4E96-9A42-329F34BED1E9}.Debug|Any CPU.ActiveCfg = Debug|Any CPU
		{65D4842E-24DE-4E96-9A42-329F34BED1E9}.Debug|Any CPU.Build.0 = Debug|Any CPU
		{65D4842E-24DE-4E96-9A42-329F34BED1E9}.Release|Any CPU.ActiveCfg = Release|Any CPU
		{65D4842E-24DE-4E96-9A42-329F34BED1E9}.Release|Any CPU.Build.0 = Release|Any CPU
		{2D33B36D-3BBC-4C7E-B7F8-51F33262AC41}.Debug|Any CPU.ActiveCfg = Debug|Any CPU
		{2D33B36D-3BBC-4C7E-B7F8-51F33262AC41}.Debug|Any CPU.Build.0 = Debug|Any CPU
		{2D33B36D-3BBC-4C7E-B7F8-51F33262AC41}.Release|Any CPU.ActiveCfg = Release|Any CPU
		{2D33B36D-3BBC-4C7E-B7F8-51F33262AC41}.Release|Any CPU.Build.0 = Release|Any CPU
		{12EC07A8-3D5D-4E36-8EFE-F1551B1C4B00}.Debug|Any CPU.ActiveCfg = Debug|Any CPU
		{12EC07A8-3D5D-4E36-8EFE-F1551B1C4B00}.Debug|Any CPU.Build.0 = Debug|Any CPU
		{12EC07A8-3D5D-4E36-8EFE-F1551B1C4B00}.Release|Any CPU.ActiveCfg = Release|Any CPU
		{12EC07A8-3D5D-4E36-8EFE-F1551B1C4B00}.Release|Any CPU.Build.0 = Release|Any CPU
		{B1D360B4-8A86-4CA2-968D-B739720567BC}.Debug|Any CPU.ActiveCfg = Debug|Any CPU
		{B1D360B4-8A86-4CA2-968D-B739720567BC}.Debug|Any CPU.Build.0 = Debug|Any CPU
		{B1D360B4-8A86-4CA2-968D-B739720567BC}.Release|Any CPU.ActiveCfg = Release|Any CPU
		{B1D360B4-8A86-4CA2-968D-B739720567BC}.Release|Any CPU.Build.0 = Release|Any CPU
		{F3CA1AD6-4355-421E-AD9D-6CBDE52DBA48}.Debug|Any CPU.ActiveCfg = Debug|Any CPU
		{F3CA1AD6-4355-421E-AD9D-6CBDE52DBA48}.Debug|Any CPU.Build.0 = Debug|Any CPU
		{F3CA1AD6-4355-421E-AD9D-6CBDE52DBA48}.Release|Any CPU.ActiveCfg = Release|Any CPU
		{F3CA1AD6-4355-421E-AD9D-6CBDE52DBA48}.Release|Any CPU.Build.0 = Release|Any CPU
		{6C7F10A5-4E0D-4935-A464-0F397CDB4C0C}.Debug|Any CPU.ActiveCfg = Debug|Any CPU
		{6C7F10A5-4E0D-4935-A464-0F397CDB4C0C}.Debug|Any CPU.Build.0 = Debug|Any CPU
		{6C7F10A5-4E0D-4935-A464-0F397CDB4C0C}.Release|Any CPU.ActiveCfg = Release|Any CPU
		{6C7F10A5-4E0D-4935-A464-0F397CDB4C0C}.Release|Any CPU.Build.0 = Release|Any CPU
		{B42FAAFB-C220-41F5-A6D4-92DD6A82FCE0}.Debug|Any CPU.ActiveCfg = Debug|Any CPU
		{B42FAAFB-C220-41F5-A6D4-92DD6A82FCE0}.Debug|Any CPU.Build.0 = Debug|Any CPU
		{B42FAAFB-C220-41F5-A6D4-92DD6A82FCE0}.Release|Any CPU.ActiveCfg = Release|Any CPU
		{B42FAAFB-C220-41F5-A6D4-92DD6A82FCE0}.Release|Any CPU.Build.0 = Release|Any CPU
		{B416A044-CAB3-4F9A-99EB-0F9774D2D926}.Debug|Any CPU.ActiveCfg = Debug|Any CPU
		{B416A044-CAB3-4F9A-99EB-0F9774D2D926}.Debug|Any CPU.Build.0 = Debug|Any CPU
		{B416A044-CAB3-4F9A-99EB-0F9774D2D926}.Release|Any CPU.ActiveCfg = Release|Any CPU
		{B416A044-CAB3-4F9A-99EB-0F9774D2D926}.Release|Any CPU.Build.0 = Release|Any CPU
		{5A1C01AF-9480-4525-B3E4-DB9C90629F80}.Debug|Any CPU.ActiveCfg = Debug|Any CPU
		{5A1C01AF-9480-4525-B3E4-DB9C90629F80}.Debug|Any CPU.Build.0 = Debug|Any CPU
		{5A1C01AF-9480-4525-B3E4-DB9C90629F80}.Release|Any CPU.ActiveCfg = Release|Any CPU
		{5A1C01AF-9480-4525-B3E4-DB9C90629F80}.Release|Any CPU.Build.0 = Release|Any CPU
		{D063671B-2B7E-4A03-ACB8-10A9D512B15F}.Debug|Any CPU.ActiveCfg = Debug|Any CPU
		{D063671B-2B7E-4A03-ACB8-10A9D512B15F}.Debug|Any CPU.Build.0 = Debug|Any CPU
		{D063671B-2B7E-4A03-ACB8-10A9D512B15F}.Release|Any CPU.ActiveCfg = Release|Any CPU
		{D063671B-2B7E-4A03-ACB8-10A9D512B15F}.Release|Any CPU.Build.0 = Release|Any CPU
		{11FEC351-432F-4B92-BD60-1028B84BCF20}.Debug|Any CPU.ActiveCfg = Debug|Any CPU
		{11FEC351-432F-4B92-BD60-1028B84BCF20}.Debug|Any CPU.Build.0 = Debug|Any CPU
		{11FEC351-432F-4B92-BD60-1028B84BCF20}.Release|Any CPU.ActiveCfg = Release|Any CPU
		{11FEC351-432F-4B92-BD60-1028B84BCF20}.Release|Any CPU.Build.0 = Release|Any CPU
		{7AD813CF-73D4-473A-B2BB-A9355E5A0CA7}.Debug|Any CPU.ActiveCfg = Debug|Any CPU
		{7AD813CF-73D4-473A-B2BB-A9355E5A0CA7}.Debug|Any CPU.Build.0 = Debug|Any CPU
		{7AD813CF-73D4-473A-B2BB-A9355E5A0CA7}.Release|Any CPU.ActiveCfg = Release|Any CPU
		{7AD813CF-73D4-473A-B2BB-A9355E5A0CA7}.Release|Any CPU.Build.0 = Release|Any CPU
	EndGlobalSection
	GlobalSection(SolutionProperties) = preSolution
		HideSolutionNode = FALSE
	EndGlobalSection
	GlobalSection(NestedProjects) = preSolution
		{28E07C59-A68A-466F-8841-5FF0A398C80B} = {B55A0203-A73A-4A98-898C-D3B17F923F62}
		{99BC6B91-3735-4CBB-83D0-ABB06AD34D85} = {B55A0203-A73A-4A98-898C-D3B17F923F62}
		{795B9746-E631-415B-8D8F-B81918786F29} = {B55A0203-A73A-4A98-898C-D3B17F923F62}
		{B56F7C92-7581-4CF4-8469-3AFCAC488518} = {B55A0203-A73A-4A98-898C-D3B17F923F62}
		{65D4842E-24DE-4E96-9A42-329F34BED1E9} = {B55A0203-A73A-4A98-898C-D3B17F923F62}
		{2D33B36D-3BBC-4C7E-B7F8-51F33262AC41} = {B55A0203-A73A-4A98-898C-D3B17F923F62}
		{12EC07A8-3D5D-4E36-8EFE-F1551B1C4B00} = {DA5EA334-AAA7-418C-A487-688786276BE3}
		{B1D360B4-8A86-4CA2-968D-B739720567BC} = {DA5EA334-AAA7-418C-A487-688786276BE3}
		{F3CA1AD6-4355-421E-AD9D-6CBDE52DBA48} = {B55A0203-A73A-4A98-898C-D3B17F923F62}
		{6C7F10A5-4E0D-4935-A464-0F397CDB4C0C} = {B55A0203-A73A-4A98-898C-D3B17F923F62}
		{B42FAAFB-C220-41F5-A6D4-92DD6A82FCE0} = {B55A0203-A73A-4A98-898C-D3B17F923F62}
		{B416A044-CAB3-4F9A-99EB-0F9774D2D926} = {B55A0203-A73A-4A98-898C-D3B17F923F62}
		{5A1C01AF-9480-4525-B3E4-DB9C90629F80} = {B55A0203-A73A-4A98-898C-D3B17F923F62}
		{D063671B-2B7E-4A03-ACB8-10A9D512B15F} = {E292F563-CF51-47B7-A81C-D0FE8FC4C02A}
		{11FEC351-432F-4B92-BD60-1028B84BCF20} = {E292F563-CF51-47B7-A81C-D0FE8FC4C02A}
		{7AD813CF-73D4-473A-B2BB-A9355E5A0CA7} = {E292F563-CF51-47B7-A81C-D0FE8FC4C02A}
	EndGlobalSection
	GlobalSection(ExtensibilityGlobals) = postSolution
		SolutionGuid = {8BAAA4A6-3B27-4D70-9A5C-C5BC51879840}
	EndGlobalSection
EndGlobal
